// !$*UTF8*$!
{
	archiveVersion = 1;
	classes = {
	};
	objectVersion = 56;
	objects = {

/* Begin PBXBuildFile section */
		FA2F3F8C292CC3D400993327 /* DiscoverView.swift in Sources */ = {isa = PBXBuildFile; fileRef = FA2F3F8B292CC3D400993327 /* DiscoverView.swift */; };
		FA2F3F8E292CC4A300993327 /* PostInfrastructure.swift in Sources */ = {isa = PBXBuildFile; fileRef = FA2F3F8D292CC4A300993327 /* PostInfrastructure.swift */; };
		FA6E9E41292B7B770062D802 /* tumblredesignApp.swift in Sources */ = {isa = PBXBuildFile; fileRef = FA6E9E40292B7B770062D802 /* tumblredesignApp.swift */; };
		FA6E9E43292B7B770062D802 /* ContentView.swift in Sources */ = {isa = PBXBuildFile; fileRef = FA6E9E42292B7B770062D802 /* ContentView.swift */; };
		FA6E9E45292B7B780062D802 /* Assets.xcassets in Resources */ = {isa = PBXBuildFile; fileRef = FA6E9E44292B7B780062D802 /* Assets.xcassets */; };
		FA6E9E48292B7B780062D802 /* Preview Assets.xcassets in Resources */ = {isa = PBXBuildFile; fileRef = FA6E9E47292B7B780062D802 /* Preview Assets.xcassets */; };
		FA6E9E4F292B7DB40062D802 /* DashboardView.swift in Sources */ = {isa = PBXBuildFile; fileRef = FA6E9E4E292B7DB40062D802 /* DashboardView.swift */; };
		FA736E54292D3CD7001383C9 /* FollowingDash.swift in Sources */ = {isa = PBXBuildFile; fileRef = FA736E53292D3CD7001383C9 /* FollowingDash.swift */; };
		FA736E56292F60C1001383C9 /* PostInfrastructure2.swift in Sources */ = {isa = PBXBuildFile; fileRef = FA736E55292F60C1001383C9 /* PostInfrastructure2.swift */; };
		FA736E59292F6294001383C9 /* PostInfrastructure3.swift in Sources */ = {isa = PBXBuildFile; fileRef = FA736E58292F6294001383C9 /* PostInfrastructure3.swift */; };
		FA736E5C292F756D001383C9 /* ForYouDash.swift in Sources */ = {isa = PBXBuildFile; fileRef = FA736E5B292F756D001383C9 /* ForYouDash.swift */; };
		FA736E5E292F75E7001383C9 /* YourTagsDash.swift in Sources */ = {isa = PBXBuildFile; fileRef = FA736E5D292F75E7001383C9 /* YourTagsDash.swift */; };
/* End PBXBuildFile section */

/* Begin PBXFileReference section */
		FA2F3F8B292CC3D400993327 /* DiscoverView.swift */ = {isa = PBXFileReference; lastKnownFileType = sourcecode.swift; path = DiscoverView.swift; sourceTree = "<group>"; };
		FA2F3F8D292CC4A300993327 /* PostInfrastructure.swift */ = {isa = PBXFileReference; lastKnownFileType = sourcecode.swift; path = PostInfrastructure.swift; sourceTree = "<group>"; };
		FA6E9E3D292B7B770062D802 /* tumblredesign.app */ = {isa = PBXFileReference; explicitFileType = wrapper.application; includeInIndex = 0; path = tumblredesign.app; sourceTree = BUILT_PRODUCTS_DIR; };
		FA6E9E40292B7B770062D802 /* tumblredesignApp.swift */ = {isa = PBXFileReference; lastKnownFileType = sourcecode.swift; path = tumblredesignApp.swift; sourceTree = "<group>"; };
		FA6E9E42292B7B770062D802 /* ContentView.swift */ = {isa = PBXFileReference; lastKnownFileType = sourcecode.swift; path = ContentView.swift; sourceTree = "<group>"; };
		FA6E9E44292B7B780062D802 /* Assets.xcassets */ = {isa = PBXFileReference; lastKnownFileType = folder.assetcatalog; path = Assets.xcassets; sourceTree = "<group>"; };
		FA6E9E47292B7B780062D802 /* Preview Assets.xcassets */ = {isa = PBXFileReference; lastKnownFileType = folder.assetcatalog; path = "Preview Assets.xcassets"; sourceTree = "<group>"; };
		FA6E9E4E292B7DB40062D802 /* DashboardView.swift */ = {isa = PBXFileReference; lastKnownFileType = sourcecode.swift; path = DashboardView.swift; sourceTree = "<group>"; };
		FA736E53292D3CD7001383C9 /* FollowingDash.swift */ = {isa = PBXFileReference; lastKnownFileType = sourcecode.swift; path = FollowingDash.swift; sourceTree = "<group>"; };
		FA736E55292F60C1001383C9 /* PostInfrastructure2.swift */ = {isa = PBXFileReference; lastKnownFileType = sourcecode.swift; path = PostInfrastructure2.swift; sourceTree = "<group>"; };
		FA736E58292F6294001383C9 /* PostInfrastructure3.swift */ = {isa = PBXFileReference; lastKnownFileType = sourcecode.swift; path = PostInfrastructure3.swift; sourceTree = "<group>"; };
		FA736E5B292F756D001383C9 /* ForYouDash.swift */ = {isa = PBXFileReference; lastKnownFileType = sourcecode.swift; path = ForYouDash.swift; sourceTree = "<group>"; };
		FA736E5D292F75E7001383C9 /* YourTagsDash.swift */ = {isa = PBXFileReference; lastKnownFileType = sourcecode.swift; path = YourTagsDash.swift; sourceTree = "<group>"; };
/* End PBXFileReference section */

/* Begin PBXFrameworksBuildPhase section */
		FA6E9E3A292B7B770062D802 /* Frameworks */ = {
			isa = PBXFrameworksBuildPhase;
			buildActionMask = 2147483647;
			files = (
			);
			runOnlyForDeploymentPostprocessing = 0;
		};
/* End PBXFrameworksBuildPhase section */

/* Begin PBXGroup section */
		FA6E9E34292B7B770062D802 = {
			isa = PBXGroup;
			children = (
				FA6E9E3F292B7B770062D802 /* tumblredesign */,
				FA6E9E3E292B7B770062D802 /* Products */,
			);
			sourceTree = "<group>";
		};
		FA6E9E3E292B7B770062D802 /* Products */ = {
			isa = PBXGroup;
			children = (
				FA6E9E3D292B7B770062D802 /* tumblredesign.app */,
			);
			name = Products;
			sourceTree = "<group>";
		};
		FA6E9E3F292B7B770062D802 /* tumblredesign */ = {
			isa = PBXGroup;
			children = (
				FA6E9E40292B7B770062D802 /* tumblredesignApp.swift */,
				FA6E9E42292B7B770062D802 /* ContentView.swift */,
				FA2F3F8D292CC4A300993327 /* PostInfrastructure.swift */,
				FA736E55292F60C1001383C9 /* PostInfrastructure2.swift */,
				FA736E58292F6294001383C9 /* PostInfrastructure3.swift */,
				FA6E9E4E292B7DB40062D802 /* DashboardView.swift */,
				FA736E5D292F75E7001383C9 /* YourTagsDash.swift */,
				FA2F3F8B292CC3D400993327 /* DiscoverView.swift */,
				FA736E5B292F756D001383C9 /* ForYouDash.swift */,
				FA736E53292D3CD7001383C9 /* FollowingDash.swift */,
				FA6E9E44292B7B780062D802 /* Assets.xcassets */,
				FA6E9E46292B7B780062D802 /* Preview Content */,
			);
			path = tumblredesign;
			sourceTree = "<group>";
		};
		FA6E9E46292B7B780062D802 /* Preview Content */ = {
			isa = PBXGroup;
			children = (
				FA6E9E47292B7B780062D802 /* Preview Assets.xcassets */,
			);
			path = "Preview Content";
			sourceTree = "<group>";
		};
/* End PBXGroup section */

/* Begin PBXNativeTarget section */
		FA6E9E3C292B7B770062D802 /* tumblredesign */ = {
			isa = PBXNativeTarget;
			buildConfigurationList = FA6E9E4B292B7B780062D802 /* Build configuration list for PBXNativeTarget "tumblredesign" */;
			buildPhases = (
				FA6E9E39292B7B770062D802 /* Sources */,
				FA6E9E3A292B7B770062D802 /* Frameworks */,
				FA6E9E3B292B7B770062D802 /* Resources */,
			);
			buildRules = (
			);
			dependencies = (
			);
			name = tumblredesign;
			productName = tumblredesign;
			productReference = FA6E9E3D292B7B770062D802 /* tumblredesign.app */;
			productType = "com.apple.product-type.application";
		};
/* End PBXNativeTarget section */

/* Begin PBXProject section */
		FA6E9E35292B7B770062D802 /* Project object */ = {
			isa = PBXProject;
			attributes = {
				BuildIndependentTargetsInParallel = 1;
				LastSwiftUpdateCheck = 1410;
				LastUpgradeCheck = 1410;
				TargetAttributes = {
					FA6E9E3C292B7B770062D802 = {
						CreatedOnToolsVersion = 14.1;
					};
				};
			};
			buildConfigurationList = FA6E9E38292B7B770062D802 /* Build configuration list for PBXProject "tumblredesign" */;
			compatibilityVersion = "Xcode 14.0";
			developmentRegion = en;
			hasScannedForEncodings = 0;
			knownRegions = (
				en,
				Base,
			);
			mainGroup = FA6E9E34292B7B770062D802;
			productRefGroup = FA6E9E3E292B7B770062D802 /* Products */;
			projectDirPath = "";
			projectRoot = "";
			targets = (
				FA6E9E3C292B7B770062D802 /* tumblredesign */,
			);
		};
/* End PBXProject section */

/* Begin PBXResourcesBuildPhase section */
		FA6E9E3B292B7B770062D802 /* Resources */ = {
			isa = PBXResourcesBuildPhase;
			buildActionMask = 2147483647;
			files = (
				FA6E9E48292B7B780062D802 /* Preview Assets.xcassets in Resources */,
				FA6E9E45292B7B780062D802 /* Assets.xcassets in Resources */,
			);
			runOnlyForDeploymentPostprocessing = 0;
		};
/* End PBXResourcesBuildPhase section */

/* Begin PBXSourcesBuildPhase section */
		FA6E9E39292B7B770062D802 /* Sources */ = {
			isa = PBXSourcesBuildPhase;
			buildActionMask = 2147483647;
			files = (
				FA6E9E43292B7B770062D802 /* ContentView.swift in Sources */,
				FA6E9E4F292B7DB40062D802 /* DashboardView.swift in Sources */,
				FA6E9E41292B7B770062D802 /* tumblredesignApp.swift in Sources */,
				FA736E5E292F75E7001383C9 /* YourTagsDash.swift in Sources */,
				FA2F3F8E292CC4A300993327 /* PostInfrastructure.swift in Sources */,
				FA2F3F8C292CC3D400993327 /* DiscoverView.swift in Sources */,
				FA736E56292F60C1001383C9 /* PostInfrastructure2.swift in Sources */,
				FA736E5C292F756D001383C9 /* ForYouDash.swift in Sources */,
				FA736E59292F6294001383C9 /* PostInfrastructure3.swift in Sources */,
				FA736E54292D3CD7001383C9 /* FollowingDash.swift in Sources */,
			);
			runOnlyForDeploymentPostprocessing = 0;
		};
/* End PBXSourcesBuildPhase section */

/* Begin XCBuildConfiguration section */
		FA6E9E49292B7B780062D802 /* Debug */ = {
			isa = XCBuildConfiguration;
			buildSettings = {
				ALWAYS_SEARCH_USER_PATHS = NO;
				CLANG_ANALYZER_NONNULL = YES;
				CLANG_ANALYZER_NUMBER_OBJECT_CONVERSION = YES_AGGRESSIVE;
				CLANG_CXX_LANGUAGE_STANDARD = "gnu++20";
				CLANG_ENABLE_MODULES = YES;
				CLANG_ENABLE_OBJC_ARC = YES;
				CLANG_ENABLE_OBJC_WEAK = YES;
				CLANG_WARN_BLOCK_CAPTURE_AUTORELEASING = YES;
				CLANG_WARN_BOOL_CONVERSION = YES;
				CLANG_WARN_COMMA = YES;
				CLANG_WARN_CONSTANT_CONVERSION = YES;
				CLANG_WARN_DEPRECATED_OBJC_IMPLEMENTATIONS = YES;
				CLANG_WARN_DIRECT_OBJC_ISA_USAGE = YES_ERROR;
				CLANG_WARN_DOCUMENTATION_COMMENTS = YES;
				CLANG_WARN_EMPTY_BODY = YES;
				CLANG_WARN_ENUM_CONVERSION = YES;
				CLANG_WARN_INFINITE_RECURSION = YES;
				CLANG_WARN_INT_CONVERSION = YES;
				CLANG_WARN_NON_LITERAL_NULL_CONVERSION = YES;
				CLANG_WARN_OBJC_IMPLICIT_RETAIN_SELF = YES;
				CLANG_WARN_OBJC_LITERAL_CONVERSION = YES;
				CLANG_WARN_OBJC_ROOT_CLASS = YES_ERROR;
				CLANG_WARN_QUOTED_INCLUDE_IN_FRAMEWORK_HEADER = YES;
				CLANG_WARN_RANGE_LOOP_ANALYSIS = YES;
				CLANG_WARN_STRICT_PROTOTYPES = YES;
				CLANG_WARN_SUSPICIOUS_MOVE = YES;
				CLANG_WARN_UNGUARDED_AVAILABILITY = YES_AGGRESSIVE;
				CLANG_WARN_UNREACHABLE_CODE = YES;
				CLANG_WARN__DUPLICATE_METHOD_MATCH = YES;
				COPY_PHASE_STRIP = NO;
				DEBUG_INFORMATION_FORMAT = dwarf;
				ENABLE_STRICT_OBJC_MSGSEND = YES;
				ENABLE_TESTABILITY = YES;
				GCC_C_LANGUAGE_STANDARD = gnu11;
				GCC_DYNAMIC_NO_PIC = NO;
				GCC_NO_COMMON_BLOCKS = YES;
				GCC_OPTIMIZATION_LEVEL = 0;
				GCC_PREPROCESSOR_DEFINITIONS = (
					"DEBUG=1",
					"$(inherited)",
				);
				GCC_WARN_64_TO_32_BIT_CONVERSION = YES;
				GCC_WARN_ABOUT_RETURN_TYPE = YES_ERROR;
				GCC_WARN_UNDECLARED_SELECTOR = YES;
				GCC_WARN_UNINITIALIZED_AUTOS = YES_AGGRESSIVE;
				GCC_WARN_UNUSED_FUNCTION = YES;
				GCC_WARN_UNUSED_VARIABLE = YES;
				IPHONEOS_DEPLOYMENT_TARGET = 16.1;
				MTL_ENABLE_DEBUG_INFO = INCLUDE_SOURCE;
				MTL_FAST_MATH = YES;
				ONLY_ACTIVE_ARCH = YES;
				SDKROOT = iphoneos;
				SWIFT_ACTIVE_COMPILATION_CONDITIONS = DEBUG;
				SWIFT_OPTIMIZATION_LEVEL = "-Onone";
			};
			name = Debug;
		};
		FA6E9E4A292B7B780062D802 /* Release */ = {
			isa = XCBuildConfiguration;
			buildSettings = {
				ALWAYS_SEARCH_USER_PATHS = NO;
				CLANG_ANALYZER_NONNULL = YES;
				CLANG_ANALYZER_NUMBER_OBJECT_CONVERSION = YES_AGGRESSIVE;
				CLANG_CXX_LANGUAGE_STANDARD = "gnu++20";
				CLANG_ENABLE_MODULES = YES;
				CLANG_ENABLE_OBJC_ARC = YES;
				CLANG_ENABLE_OBJC_WEAK = YES;
				CLANG_WARN_BLOCK_CAPTURE_AUTORELEASING = YES;
				CLANG_WARN_BOOL_CONVERSION = YES;
				CLANG_WARN_COMMA = YES;
				CLANG_WARN_CONSTANT_CONVERSION = YES;
				CLANG_WARN_DEPRECATED_OBJC_IMPLEMENTATIONS = YES;
				CLANG_WARN_DIRECT_OBJC_ISA_USAGE = YES_ERROR;
				CLANG_WARN_DOCUMENTATION_COMMENTS = YES;
				CLANG_WARN_EMPTY_BODY = YES;
				CLANG_WARN_ENUM_CONVERSION = YES;
				CLANG_WARN_INFINITE_RECURSION = YES;
				CLANG_WARN_INT_CONVERSION = YES;
				CLANG_WARN_NON_LITERAL_NULL_CONVERSION = YES;
				CLANG_WARN_OBJC_IMPLICIT_RETAIN_SELF = YES;
				CLANG_WARN_OBJC_LITERAL_CONVERSION = YES;
				CLANG_WARN_OBJC_ROOT_CLASS = YES_ERROR;
				CLANG_WARN_QUOTED_INCLUDE_IN_FRAMEWORK_HEADER = YES;
				CLANG_WARN_RANGE_LOOP_ANALYSIS = YES;
				CLANG_WARN_STRICT_PROTOTYPES = YES;
				CLANG_WARN_SUSPICIOUS_MOVE = YES;
				CLANG_WARN_UNGUARDED_AVAILABILITY = YES_AGGRESSIVE;
				CLANG_WARN_UNREACHABLE_CODE = YES;
				CLANG_WARN__DUPLICATE_METHOD_MATCH = YES;
				COPY_PHASE_STRIP = NO;
				DEBUG_INFORMATION_FORMAT = "dwarf-with-dsym";
				ENABLE_NS_ASSERTIONS = NO;
				ENABLE_STRICT_OBJC_MSGSEND = YES;
				GCC_C_LANGUAGE_STANDARD = gnu11;
				GCC_NO_COMMON_BLOCKS = YES;
				GCC_WARN_64_TO_32_BIT_CONVERSION = YES;
				GCC_WARN_ABOUT_RETURN_TYPE = YES_ERROR;
				GCC_WARN_UNDECLARED_SELECTOR = YES;
				GCC_WARN_UNINITIALIZED_AUTOS = YES_AGGRESSIVE;
				GCC_WARN_UNUSED_FUNCTION = YES;
				GCC_WARN_UNUSED_VARIABLE = YES;
				IPHONEOS_DEPLOYMENT_TARGET = 16.1;
				MTL_ENABLE_DEBUG_INFO = NO;
				MTL_FAST_MATH = YES;
				SDKROOT = iphoneos;
				SWIFT_COMPILATION_MODE = wholemodule;
				SWIFT_OPTIMIZATION_LEVEL = "-O";
				VALIDATE_PRODUCT = YES;
			};
			name = Release;
		};
		FA6E9E4C292B7B780062D802 /* Debug */ = {
			isa = XCBuildConfiguration;
			buildSettings = {
				ASSETCATALOG_COMPILER_APPICON_NAME = AppIcon;
				ASSETCATALOG_COMPILER_GLOBAL_ACCENT_COLOR_NAME = AccentColor;
				CODE_SIGN_STYLE = Automatic;
				CURRENT_PROJECT_VERSION = 1;
				DEVELOPMENT_ASSET_PATHS = "\"tumblredesign/Preview Content\"";
				DEVELOPMENT_TEAM = QWW53A428J;
				ENABLE_PREVIEWS = YES;
				GENERATE_INFOPLIST_FILE = YES;
				INFOPLIST_KEY_UIApplicationSceneManifest_Generation = YES;
				INFOPLIST_KEY_UIApplicationSupportsIndirectInputEvents = YES;
				INFOPLIST_KEY_UILaunchScreen_Generation = YES;
				INFOPLIST_KEY_UISupportedInterfaceOrientations_iPad = "UIInterfaceOrientationPortrait UIInterfaceOrientationPortraitUpsideDown UIInterfaceOrientationLandscapeLeft UIInterfaceOrientationLandscapeRight";
				INFOPLIST_KEY_UISupportedInterfaceOrientations_iPhone = "UIInterfaceOrientationPortrait UIInterfaceOrientationLandscapeLeft UIInterfaceOrientationLandscapeRight";
				LD_RUNPATH_SEARCH_PATHS = (
					"$(inherited)",
					"@executable_path/Frameworks",
				);
				MARKETING_VERSION = 1.0;
				PRODUCT_BUNDLE_IDENTIFIER = sdinicoli.tumblredesign;
				PRODUCT_NAME = "$(TARGET_NAME)";
				SWIFT_EMIT_LOC_STRINGS = YES;
				SWIFT_VERSION = 5.0;
				TARGETED_DEVICE_FAMILY = "1,2";
			};
			name = Debug;
		};
		FA6E9E4D292B7B780062D802 /* Release */ = {
			isa = XCBuildConfiguration;
			buildSettings = {
				ASSETCATALOG_COMPILER_APPICON_NAME = AppIcon;
				ASSETCATALOG_COMPILER_GLOBAL_ACCENT_COLOR_NAME = AccentColor;
				CODE_SIGN_STYLE = Automatic;
				CURRENT_PROJECT_VERSION = 1;
				DEVELOPMENT_ASSET_PATHS = "\"tumblredesign/Preview Content\"";
				DEVELOPMENT_TEAM = QWW53A428J;
				ENABLE_PREVIEWS = YES;
				GENERATE_INFOPLIST_FILE = YES;
				INFOPLIST_KEY_UIApplicationSceneManifest_Generation = YES;
				INFOPLIST_KEY_UIApplicationSupportsIndirectInputEvents = YES;
				INFOPLIST_KEY_UILaunchScreen_Generation = YES;
				INFOPLIST_KEY_UISupportedInterfaceOrientations_iPad = "UIInterfaceOrientationPortrait UIInterfaceOrientationPortraitUpsideDown UIInterfaceOrientationLandscapeLeft UIInterfaceOrientationLandscapeRight";
				INFOPLIST_KEY_UISupportedInterfaceOrientations_iPhone = "UIInterfaceOrientationPortrait UIInterfaceOrientationLandscapeLeft UIInterfaceOrientationLandscapeRight";
				LD_RUNPATH_SEARCH_PATHS = (
					"$(inherited)",
					"@executable_path/Frameworks",
				);
				MARKETING_VERSION = 1.0;
				PRODUCT_BUNDLE_IDENTIFIER = sdinicoli.tumblredesign;
				PRODUCT_NAME = "$(TARGET_NAME)";
				SWIFT_EMIT_LOC_STRINGS = YES;
				SWIFT_VERSION = 5.0;
				TARGETED_DEVICE_FAMILY = "1,2";
			};
			name = Release;
		};
/* End XCBuildConfiguration section */

/* Begin XCConfigurationList section */
		FA6E9E38292B7B770062D802 /* Build configuration list for PBXProject "tumblredesign" */ = {
			isa = XCConfigurationList;
			buildConfigurations = (
				FA6E9E49292B7B780062D802 /* Debug */,
				FA6E9E4A292B7B780062D802 /* Release */,
			);
			defaultConfigurationIsVisible = 0;
			defaultConfigurationName = Release;
		};
		FA6E9E4B292B7B780062D802 /* Build configuration list for PBXNativeTarget "tumblredesign" */ = {
			isa = XCConfigurationList;
			buildConfigurations = (
				FA6E9E4C292B7B780062D802 /* Debug */,
				FA6E9E4D292B7B780062D802 /* Release */,
			);
			defaultConfigurationIsVisible = 0;
			defaultConfigurationName = Release;
		};
/* End XCConfigurationList section */
	};
	rootObject = FA6E9E35292B7B770062D802 /* Project object */;
}
